
Microsoft Visual Studio Solution File, Format Version 12.00
# Visual Studio 15
VisualStudioVersion = 15.0.28010.2016
MinimumVisualStudioVersion = 10.0.40219.1
Project("{FAE04EC0-301F-11D3-BF4B-00C04F79EFBC}") = "Calculator0", "Calculator0\Calculator0.csproj", "{D9EDA87F-F712-4137-A7C0-8BAD044BD9CC}"
EndProject
Global
	GlobalSection(SolutionConfigurationPlatforms) = preSolution
		Debug|Any CPU = Debug|Any CPU
		Release|Any CPU = Release|Any CPU
	EndGlobalSection
	GlobalSection(ProjectConfigurationPlatforms) = postSolution
		{D9EDA87F-F712-4137-A7C0-8BAD044BD9CC}.Debug|Any CPU.ActiveCfg = Debug|Any CPU
		{D9EDA87F-F712-4137-A7C0-8BAD044BD9CC}.Debug|Any CPU.Build.0 = Debug|Any CPU
		{D9EDA87F-F712-4137-A7C0-8BAD044BD9CC}.Release|Any CPU.ActiveCfg = Release|Any CPU
		{D9EDA87F-F712-4137-A7C0-8BAD044BD9CC}.Release|Any CPU.Build.0 = Release|Any CPU
	EndGlobalSection
	GlobalSection(SolutionProperties) = preSolution
		HideSolutionNode = FALSE
	EndGlobalSection
	GlobalSection(ExtensibilityGlobals) = postSolution
		SolutionGuid = {8F449C39-42CB-41C0-9AC9-F81C1CD36851}
	EndGlobalSection
EndGlobal
